
Microsoft Visual Studio Solution File, Format Version 12.00
# Visual Studio 15
VisualStudioVersion = 15.0.28010.2026
MinimumVisualStudioVersion = 10.0.40219.1
Project("{FAE04EC0-301F-11D3-BF4B-00C04F79EFBC}") = "Pekpan", "Pekpan\Pekpan.csproj", "{6A06BFE7-C493-4557-9DEF-9906A6A771C7}"
EndProject
Global
	GlobalSection(SolutionConfigurationPlatforms) = preSolution
		Debug|Any CPU = Debug|Any CPU
		Release|Any CPU = Release|Any CPU
	EndGlobalSection
	GlobalSection(ProjectConfigurationPlatforms) = postSolution
		{6A06BFE7-C493-4557-9DEF-9906A6A771C7}.Debug|Any CPU.ActiveCfg = Debug|Any CPU
		{6A06BFE7-C493-4557-9DEF-9906A6A771C7}.Debug|Any CPU.Build.0 = Debug|Any CPU
		{6A06BFE7-C493-4557-9DEF-9906A6A771C7}.Release|Any CPU.ActiveCfg = Release|Any CPU
		{6A06BFE7-C493-4557-9DEF-9906A6A771C7}.Release|Any CPU.Build.0 = Release|Any CPU
	EndGlobalSection
	GlobalSection(SolutionProperties) = preSolution
		HideSolutionNode = FALSE
	EndGlobalSection
	GlobalSection(ExtensibilityGlobals) = postSolution
		SolutionGuid = {99728289-DEE2-4DB4-9BFE-1166F91EBABC}
	EndGlobalSection
EndGlobal
